# This file is generated by running "yarn install" inside your project.
# Manual changes might be lost - proceed with caution!

__metadata:
  version: 6
  cacheKey: 8

"dayjs@npm:^1.11.7":
  version: 1.11.7
  resolution: "dayjs@npm:1.11.7"
  checksum: 5003a7c1dd9ed51385beb658231c3548700b82d3548c0cfbe549d85f2d08e90e972510282b7506941452c58d32136d6362f009c77ca55381a09c704e9f177ebb
  languageName: node
  linkType: hard

"farm@workspace:.":
  version: 0.0.0-use.local
  resolution: "farm@workspace:."
  dependencies:
    dayjs: ^1.11.7
  languageName: unknown
  linkType: soft
